
Microsoft Visual Studio Solution File, Format Version 12.00
# Visual Studio 15
VisualStudioVersion = 15.0.28307.106
MinimumVisualStudioVersion = 10.0.40219.1
Project("{FAE04EC0-301F-11D3-BF4B-00C04F79EFBC}") = "MobyDick", "MobyDick\MobyDick.csproj", "{C5A5C7A3-7791-4EE9-B0BB-C1A12BC96538}"
EndProject
Project("{FAE04EC0-301F-11D3-BF4B-00C04F79EFBC}") = "MobyDick.Web", "MobyDick.Web\MobyDick.Web.csproj", "{55B1FFDE-509E-4A6D-8332-DD856616D175}"
EndProject
Project("{FAE04EC0-301F-11D3-BF4B-00C04F79EFBC}") = "MobyDick.Web.Test", "MobyDick.Web.Test\MobyDick.Web.Test.csproj", "{168608E1-A8ED-4991-97B8-298AF47F41B1}"
EndProject
Global
	GlobalSection(SolutionConfigurationPlatforms) = preSolution
		Debug|Any CPU = Debug|Any CPU
		Release|Any CPU = Release|Any CPU
	EndGlobalSection
	GlobalSection(ProjectConfigurationPlatforms) = postSolution
		{C5A5C7A3-7791-4EE9-B0BB-C1A12BC96538}.Debug|Any CPU.ActiveCfg = Debug|Any CPU
		{C5A5C7A3-7791-4EE9-B0BB-C1A12BC96538}.Debug|Any CPU.Build.0 = Debug|Any CPU
		{C5A5C7A3-7791-4EE9-B0BB-C1A12BC96538}.Release|Any CPU.ActiveCfg = Release|Any CPU
		{C5A5C7A3-7791-4EE9-B0BB-C1A12BC96538}.Release|Any CPU.Build.0 = Release|Any CPU
		{55B1FFDE-509E-4A6D-8332-DD856616D175}.Debug|Any CPU.ActiveCfg = Debug|Any CPU
		{55B1FFDE-509E-4A6D-8332-DD856616D175}.Debug|Any CPU.Build.0 = Debug|Any CPU
		{55B1FFDE-509E-4A6D-8332-DD856616D175}.Release|Any CPU.ActiveCfg = Release|Any CPU
		{55B1FFDE-509E-4A6D-8332-DD856616D175}.Release|Any CPU.Build.0 = Release|Any CPU
		{168608E1-A8ED-4991-97B8-298AF47F41B1}.Debug|Any CPU.ActiveCfg = Debug|Any CPU
		{168608E1-A8ED-4991-97B8-298AF47F41B1}.Debug|Any CPU.Build.0 = Debug|Any CPU
		{168608E1-A8ED-4991-97B8-298AF47F41B1}.Release|Any CPU.ActiveCfg = Release|Any CPU
		{168608E1-A8ED-4991-97B8-298AF47F41B1}.Release|Any CPU.Build.0 = Release|Any CPU
	EndGlobalSection
	GlobalSection(SolutionProperties) = preSolution
		HideSolutionNode = FALSE
	EndGlobalSection
	GlobalSection(ExtensibilityGlobals) = postSolution
		SolutionGuid = {F581BAEF-7850-4248-A5B3-240EB159DDD7}
	EndGlobalSection
EndGlobal
